{
  "originHash" : "efc1c44e2ab38ead717b43765e63306ce7c513276a4ab368b0e93718a9fac3d9",
  "pins" : [
    {
      "identity" : "blake3",
      "kind" : "remoteSourceControl",
      "location" : "https://github.com/Argsment/BLAKE3.git",
      "state" : {
        "branch" : "main",
        "revision" : "7724068f350ef4032530e4c67b10e302945ab09c"
      }
    },
    {
      "identity" : "yaml",
      "kind" : "remoteSourceControl",
      "location" : "https://github.com/Argsment/YAML.git",
      "state" : {
        "branch" : "main",
        "revision" : "1cc58b32e84fa7259a49b046072fa3a44701e4b7"
      }
    }
  ],
  "version" : 3
}
